
Microsoft Visual Studio Solution File, Format Version 12.00
# Visual Studio Version 16
VisualStudioVersion = 16.0.30011.22
MinimumVisualStudioVersion = 10.0.40219.1
Project("{FAE04EC0-301F-11D3-BF4B-00C04F79EFBC}") = "basKet", "basKet.csproj", "{5C3DCA16-8CE8-4099-A560-80ED1D997712}"
EndProject
Project("{9A19103F-16F7-4668-BE54-9A1E7A4F7556}") = "basket.ApplicationServices", "..\basket.ApplicationServices\basket.ApplicationServices.csproj", "{C75F8F8D-2969-4DA4-97D1-D22AD5432964}"
EndProject
Project("{9A19103F-16F7-4668-BE54-9A1E7A4F7556}") = "basket.DataAccess", "..\basket.DataAccess\basket.DataAccess.csproj", "{B7D9E65B-C0F3-419E-ADE5-CD21913EAC46}"
EndProject
Project("{9A19103F-16F7-4668-BE54-9A1E7A4F7556}") = "basket.Infrastructure", "..\basket.Infrastructure\basket.Infrastructure.csproj", "{D907112C-2951-4483-9928-C20E2F8EF034}"
EndProject
Project("{2150E333-8FDC-42A3-9474-1A3956D46DE8}") = "Solution Items", "Solution Items", "{45F113C3-927C-4D03-88DE-8DBE958CBD69}"
	ProjectSection(SolutionItems) = preProject
		.editorconfig = .editorconfig
	EndProjectSection
EndProject
Global
	GlobalSection(SolutionConfigurationPlatforms) = preSolution
		Debug|Any CPU = Debug|Any CPU
		Release|Any CPU = Release|Any CPU
	EndGlobalSection
	GlobalSection(ProjectConfigurationPlatforms) = postSolution
		{5C3DCA16-8CE8-4099-A560-80ED1D997712}.Debug|Any CPU.ActiveCfg = Debug|Any CPU
		{5C3DCA16-8CE8-4099-A560-80ED1D997712}.Debug|Any CPU.Build.0 = Debug|Any CPU
		{5C3DCA16-8CE8-4099-A560-80ED1D997712}.Release|Any CPU.ActiveCfg = Release|Any CPU
		{5C3DCA16-8CE8-4099-A560-80ED1D997712}.Release|Any CPU.Build.0 = Release|Any CPU
		{C75F8F8D-2969-4DA4-97D1-D22AD5432964}.Debug|Any CPU.ActiveCfg = Debug|Any CPU
		{C75F8F8D-2969-4DA4-97D1-D22AD5432964}.Debug|Any CPU.Build.0 = Debug|Any CPU
		{C75F8F8D-2969-4DA4-97D1-D22AD5432964}.Release|Any CPU.ActiveCfg = Release|Any CPU
		{C75F8F8D-2969-4DA4-97D1-D22AD5432964}.Release|Any CPU.Build.0 = Release|Any CPU
		{B7D9E65B-C0F3-419E-ADE5-CD21913EAC46}.Debug|Any CPU.ActiveCfg = Debug|Any CPU
		{B7D9E65B-C0F3-419E-ADE5-CD21913EAC46}.Debug|Any CPU.Build.0 = Debug|Any CPU
		{B7D9E65B-C0F3-419E-ADE5-CD21913EAC46}.Release|Any CPU.ActiveCfg = Release|Any CPU
		{B7D9E65B-C0F3-419E-ADE5-CD21913EAC46}.Release|Any CPU.Build.0 = Release|Any CPU
		{D907112C-2951-4483-9928-C20E2F8EF034}.Debug|Any CPU.ActiveCfg = Debug|Any CPU
		{D907112C-2951-4483-9928-C20E2F8EF034}.Debug|Any CPU.Build.0 = Debug|Any CPU
		{D907112C-2951-4483-9928-C20E2F8EF034}.Release|Any CPU.ActiveCfg = Release|Any CPU
		{D907112C-2951-4483-9928-C20E2F8EF034}.Release|Any CPU.Build.0 = Release|Any CPU
	EndGlobalSection
	GlobalSection(SolutionProperties) = preSolution
		HideSolutionNode = FALSE
	EndGlobalSection
	GlobalSection(ExtensibilityGlobals) = postSolution
		SolutionGuid = {6CA59287-2ACC-4492-9D3C-786D3DDC8B8C}
	EndGlobalSection
EndGlobal
